
Microsoft Visual Studio Solution File, Format Version 12.00
# Visual Studio Version 17
VisualStudioVersion = 17.14.36301.6
MinimumVisualStudioVersion = 10.0.40219.1
Project("{FAE04EC0-301F-11D3-BF4B-00C04F79EFBC}") = "KeyMapper", "KeyMapper\KeyMapper.csproj", "{E3123AF5-5771-4874-B3D5-467D125FC49D}"
EndProject
Project("{FAE04EC0-301F-11D3-BF4B-00C04F79EFBC}") = "KeyMapper.Tests", "KeyMapper.Tests\KeyMapper.Tests.csproj", "{00F972E0-D8D2-4AC4-9253-D2AB199514BC}"
EndProject
Global
	GlobalSection(SolutionConfigurationPlatforms) = preSolution
		Debug|Any CPU = Debug|Any CPU
		Release|Any CPU = Release|Any CPU
	EndGlobalSection
	GlobalSection(ProjectConfigurationPlatforms) = postSolution
		{E3123AF5-5771-4874-B3D5-467D125FC49D}.Debug|Any CPU.ActiveCfg = Debug|Any CPU
		{E3123AF5-5771-4874-B3D5-467D125FC49D}.Debug|Any CPU.Build.0 = Debug|Any CPU
		{E3123AF5-5771-4874-B3D5-467D125FC49D}.Release|Any CPU.ActiveCfg = Release|Any CPU
		{E3123AF5-5771-4874-B3D5-467D125FC49D}.Release|Any CPU.Build.0 = Release|Any CPU
		{00F972E0-D8D2-4AC4-9253-D2AB199514BC}.Debug|Any CPU.ActiveCfg = Debug|Any CPU
		{00F972E0-D8D2-4AC4-9253-D2AB199514BC}.Debug|Any CPU.Build.0 = Debug|Any CPU
		{00F972E0-D8D2-4AC4-9253-D2AB199514BC}.Release|Any CPU.ActiveCfg = Release|Any CPU
		{00F972E0-D8D2-4AC4-9253-D2AB199514BC}.Release|Any CPU.Build.0 = Release|Any CPU
	EndGlobalSection
	GlobalSection(SolutionProperties) = preSolution
		HideSolutionNode = FALSE
	EndGlobalSection
	GlobalSection(ExtensibilityGlobals) = postSolution
		SolutionGuid = {957FDDBB-0A1C-42AA-B0ED-0CACD0C41714}
	EndGlobalSection
EndGlobal
